// !$*UTF8*$!
{
	archiveVersion = 1;
	classes = {
	};
	objectVersion = 50;
	objects = {

/* Begin PBXBuildFile section */
		ACCB18DD23F19407000C9132 /* AppDelegate.swift in Sources */ = {isa = PBXBuildFile; fileRef = ACCB18DC23F19407000C9132 /* AppDelegate.swift */; };
		ACCB18DF23F19407000C9132 /* SceneDelegate.swift in Sources */ = {isa = PBXBuildFile; fileRef = ACCB18DE23F19407000C9132 /* SceneDelegate.swift */; };
		ACCB18E123F19407000C9132 /* ViewController.swift in Sources */ = {isa = PBXBuildFile; fileRef = ACCB18E023F19407000C9132 /* ViewController.swift */; };
		ACCB18E423F19407000C9132 /* Main.storyboard in Resources */ = {isa = PBXBuildFile; fileRef = ACCB18E223F19407000C9132 /* Main.storyboard */; };
		ACCB18E623F19408000C9132 /* Assets.xcassets in Resources */ = {isa = PBXBuildFile; fileRef = ACCB18E523F19408000C9132 /* Assets.xcassets */; };
		ACCB18E923F19408000C9132 /* LaunchScreen.storyboard in Resources */ = {isa = PBXBuildFile; fileRef = ACCB18E723F19408000C9132 /* LaunchScreen.storyboard */; };
		ACCB18F123F19552000C9132 /* Ball.swift in Sources */ = {isa = PBXBuildFile; fileRef = ACCB18F023F19552000C9132 /* Ball.swift */; };
		ACCB18F323F196FB000C9132 /* ObjectManager.swift in Sources */ = {isa = PBXBuildFile; fileRef = ACCB18F223F196FB000C9132 /* ObjectManager.swift */; };
		ACCB18F623F199F0000C9132 /* ball2.png in Resources */ = {isa = PBXBuildFile; fileRef = ACCB18F523F199F0000C9132 /* ball2.png */; };
/* End PBXBuildFile section */

/* Begin PBXFileReference section */
		ACCB18D923F19407000C9132 /* BoundBox.app */ = {isa = PBXFileReference; explicitFileType = wrapper.application; includeInIndex = 0; path = BoundBox.app; sourceTree = BUILT_PRODUCTS_DIR; };
		ACCB18DC23F19407000C9132 /* AppDelegate.swift */ = {isa = PBXFileReference; lastKnownFileType = sourcecode.swift; path = AppDelegate.swift; sourceTree = "<group>"; };
		ACCB18DE23F19407000C9132 /* SceneDelegate.swift */ = {isa = PBXFileReference; lastKnownFileType = sourcecode.swift; path = SceneDelegate.swift; sourceTree = "<group>"; };
		ACCB18E023F19407000C9132 /* ViewController.swift */ = {isa = PBXFileReference; lastKnownFileType = sourcecode.swift; path = ViewController.swift; sourceTree = "<group>"; };
		ACCB18E323F19407000C9132 /* Base */ = {isa = PBXFileReference; lastKnownFileType = file.storyboard; name = Base; path = Base.lproj/Main.storyboard; sourceTree = "<group>"; };
		ACCB18E523F19408000C9132 /* Assets.xcassets */ = {isa = PBXFileReference; lastKnownFileType = folder.assetcatalog; path = Assets.xcassets; sourceTree = "<group>"; };
		ACCB18E823F19408000C9132 /* Base */ = {isa = PBXFileReference; lastKnownFileType = file.storyboard; name = Base; path = Base.lproj/LaunchScreen.storyboard; sourceTree = "<group>"; };
		ACCB18EA23F19408000C9132 /* Info.plist */ = {isa = PBXFileReference; lastKnownFileType = text.plist.xml; path = Info.plist; sourceTree = "<group>"; };
		ACCB18F023F19552000C9132 /* Ball.swift */ = {isa = PBXFileReference; lastKnownFileType = sourcecode.swift; path = Ball.swift; sourceTree = "<group>"; };
		ACCB18F223F196FB000C9132 /* ObjectManager.swift */ = {isa = PBXFileReference; lastKnownFileType = sourcecode.swift; path = ObjectManager.swift; sourceTree = "<group>"; };
		ACCB18F523F199F0000C9132 /* ball2.png */ = {isa = PBXFileReference; lastKnownFileType = image.png; path = ball2.png; sourceTree = "<group>"; };
/* End PBXFileReference section */

/* Begin PBXFrameworksBuildPhase section */
		ACCB18D623F19407000C9132 /* Frameworks */ = {
			isa = PBXFrameworksBuildPhase;
			buildActionMask = 2147483647;
			files = (
			);
			runOnlyForDeploymentPostprocessing = 0;
		};
/* End PBXFrameworksBuildPhase section */

/* Begin PBXGroup section */
		ACCB18D023F19407000C9132 = {
			isa = PBXGroup;
			children = (
				ACCB18F423F199E1000C9132 /* images */,
				ACCB18DB23F19407000C9132 /* BoundBox */,
				ACCB18DA23F19407000C9132 /* Products */,
			);
			sourceTree = "<group>";
		};
		ACCB18DA23F19407000C9132 /* Products */ = {
			isa = PBXGroup;
			children = (
				ACCB18D923F19407000C9132 /* BoundBox.app */,
			);
			name = Products;
			sourceTree = "<group>";
		};
		ACCB18DB23F19407000C9132 /* BoundBox */ = {
			isa = PBXGroup;
			children = (
				ACCB18DC23F19407000C9132 /* AppDelegate.swift */,
				ACCB18DE23F19407000C9132 /* SceneDelegate.swift */,
				ACCB18E023F19407000C9132 /* ViewController.swift */,
				ACCB18E223F19407000C9132 /* Main.storyboard */,
				ACCB18E523F19408000C9132 /* Assets.xcassets */,
				ACCB18E723F19408000C9132 /* LaunchScreen.storyboard */,
				ACCB18EA23F19408000C9132 /* Info.plist */,
				ACCB18F023F19552000C9132 /* Ball.swift */,
				ACCB18F223F196FB000C9132 /* ObjectManager.swift */,
			);
			path = BoundBox;
			sourceTree = "<group>";
		};
		ACCB18F423F199E1000C9132 /* images */ = {
			isa = PBXGroup;
			children = (
				ACCB18F523F199F0000C9132 /* ball2.png */,
			);
			path = images;
			sourceTree = "<group>";
		};
/* End PBXGroup section */

/* Begin PBXNativeTarget section */
		ACCB18D823F19407000C9132 /* BoundBox */ = {
			isa = PBXNativeTarget;
			buildConfigurationList = ACCB18ED23F19408000C9132 /* Build configuration list for PBXNativeTarget "BoundBox" */;
			buildPhases = (
				ACCB18D523F19407000C9132 /* Sources */,
				ACCB18D623F19407000C9132 /* Frameworks */,
				ACCB18D723F19407000C9132 /* Resources */,
			);
			buildRules = (
			);
			dependencies = (
			);
			name = BoundBox;
			productName = BoundBox;
			productReference = ACCB18D923F19407000C9132 /* BoundBox.app */;
			productType = "com.apple.product-type.application";
		};
/* End PBXNativeTarget section */

/* Begin PBXProject section */
		ACCB18D123F19407000C9132 /* Project object */ = {
			isa = PBXProject;
			attributes = {
				LastSwiftUpdateCheck = 1130;
				LastUpgradeCheck = 1130;
				ORGANIZATIONNAME = "zino-mac";
				TargetAttributes = {
					ACCB18D823F19407000C9132 = {
						CreatedOnToolsVersion = 11.3.1;
					};
				};
			};
			buildConfigurationList = ACCB18D423F19407000C9132 /* Build configuration list for PBXProject "BoundBox" */;
			compatibilityVersion = "Xcode 9.3";
			developmentRegion = en;
			hasScannedForEncodings = 0;
			knownRegions = (
				en,
				Base,
			);
			mainGroup = ACCB18D023F19407000C9132;
			productRefGroup = ACCB18DA23F19407000C9132 /* Products */;
			projectDirPath = "";
			projectRoot = "";
			targets = (
				ACCB18D823F19407000C9132 /* BoundBox */,
			);
		};
/* End PBXProject section */

/* Begin PBXResourcesBuildPhase section */
		ACCB18D723F19407000C9132 /* Resources */ = {
			isa = PBXResourcesBuildPhase;
			buildActionMask = 2147483647;
			files = (
				ACCB18E923F19408000C9132 /* LaunchScreen.storyboard in Resources */,
				ACCB18F623F199F0000C9132 /* ball2.png in Resources */,
				ACCB18E623F19408000C9132 /* Assets.xcassets in Resources */,
				ACCB18E423F19407000C9132 /* Main.storyboard in Resources */,
			);
			runOnlyForDeploymentPostprocessing = 0;
		};
/* End PBXResourcesBuildPhase section */

/* Begin PBXSourcesBuildPhase section */
		ACCB18D523F19407000C9132 /* Sources */ = {
			isa = PBXSourcesBuildPhase;
			buildActionMask = 2147483647;
			files = (
				ACCB18F123F19552000C9132 /* Ball.swift in Sources */,
				ACCB18E123F19407000C9132 /* ViewController.swift in Sources */,
				ACCB18F323F196FB000C9132 /* ObjectManager.swift in Sources */,
				ACCB18DD23F19407000C9132 /* AppDelegate.swift in Sources */,
				ACCB18DF23F19407000C9132 /* SceneDelegate.swift in Sources */,
			);
			runOnlyForDeploymentPostprocessing = 0;
		};
/* End PBXSourcesBuildPhase section */

/* Begin PBXVariantGroup section */
		ACCB18E223F19407000C9132 /* Main.storyboard */ = {
			isa = PBXVariantGroup;
			children = (
				ACCB18E323F19407000C9132 /* Base */,
			);
			name = Main.storyboard;
			sourceTree = "<group>";
		};
		ACCB18E723F19408000C9132 /* LaunchScreen.storyboard */ = {
			isa = PBXVariantGroup;
			children = (
				ACCB18E823F19408000C9132 /* Base */,
			);
			name = LaunchScreen.storyboard;
			sourceTree = "<group>";
		};
/* End PBXVariantGroup section */

/* Begin XCBuildConfiguration section */
		ACCB18EB23F19408000C9132 /* Debug */ = {
			isa = XCBuildConfiguration;
			buildSettings = {
				ALWAYS_SEARCH_USER_PATHS = NO;
				CLANG_ANALYZER_NONNULL = YES;
				CLANG_ANALYZER_NUMBER_OBJECT_CONVERSION = YES_AGGRESSIVE;
				CLANG_CXX_LANGUAGE_STANDARD = "gnu++14";
				CLANG_CXX_LIBRARY = "libc++";
				CLANG_ENABLE_MODULES = YES;
				CLANG_ENABLE_OBJC_ARC = YES;
				CLANG_ENABLE_OBJC_WEAK = YES;
				CLANG_WARN_BLOCK_CAPTURE_AUTORELEASING = YES;
				CLANG_WARN_BOOL_CONVERSION = YES;
				CLANG_WARN_COMMA = YES;
				CLANG_WARN_CONSTANT_CONVERSION = YES;
				CLANG_WARN_DEPRECATED_OBJC_IMPLEMENTATIONS = YES;
				CLANG_WARN_DIRECT_OBJC_ISA_USAGE = YES_ERROR;
				CLANG_WARN_DOCUMENTATION_COMMENTS = YES;
				CLANG_WARN_EMPTY_BODY = YES;
				CLANG_WARN_ENUM_CONVERSION = YES;
				CLANG_WARN_INFINITE_RECURSION = YES;
				CLANG_WARN_INT_CONVERSION = YES;
				CLANG_WARN_NON_LITERAL_NULL_CONVERSION = YES;
				CLANG_WARN_OBJC_IMPLICIT_RETAIN_SELF = YES;
				CLANG_WARN_OBJC_LITERAL_CONVERSION = YES;
				CLANG_WARN_OBJC_ROOT_CLASS = YES_ERROR;
				CLANG_WARN_RANGE_LOOP_ANALYSIS = YES;
				CLANG_WARN_STRICT_PROTOTYPES = YES;
				CLANG_WARN_SUSPICIOUS_MOVE = YES;
				CLANG_WARN_UNGUARDED_AVAILABILITY = YES_AGGRESSIVE;
				CLANG_WARN_UNREACHABLE_CODE = YES;
				CLANG_WARN__DUPLICATE_METHOD_MATCH = YES;
				COPY_PHASE_STRIP = NO;
				DEBUG_INFORMATION_FORMAT = dwarf;
				ENABLE_STRICT_OBJC_MSGSEND = YES;
				ENABLE_TESTABILITY = YES;
				GCC_C_LANGUAGE_STANDARD = gnu11;
				GCC_DYNAMIC_NO_PIC = NO;
				GCC_NO_COMMON_BLOCKS = YES;
				GCC_OPTIMIZATION_LEVEL = 0;
				GCC_PREPROCESSOR_DEFINITIONS = (
					"DEBUG=1",
					"$(inherited)",
				);
				GCC_WARN_64_TO_32_BIT_CONVERSION = YES;
				GCC_WARN_ABOUT_RETURN_TYPE = YES_ERROR;
				GCC_WARN_UNDECLARED_SELECTOR = YES;
				GCC_WARN_UNINITIALIZED_AUTOS = YES_AGGRESSIVE;
				GCC_WARN_UNUSED_FUNCTION = YES;
				GCC_WARN_UNUSED_VARIABLE = YES;
				IPHONEOS_DEPLOYMENT_TARGET = 13.2;
				MTL_ENABLE_DEBUG_INFO = INCLUDE_SOURCE;
				MTL_FAST_MATH = YES;
				ONLY_ACTIVE_ARCH = YES;
				SDKROOT = iphoneos;
				SWIFT_ACTIVE_COMPILATION_CONDITIONS = DEBUG;
				SWIFT_OPTIMIZATION_LEVEL = "-Onone";
			};
			name = Debug;
		};
		ACCB18EC23F19408000C9132 /* Release */ = {
			isa = XCBuildConfiguration;
			buildSettings = {
				ALWAYS_SEARCH_USER_PATHS = NO;
				CLANG_ANALYZER_NONNULL = YES;
				CLANG_ANALYZER_NUMBER_OBJECT_CONVERSION = YES_AGGRESSIVE;
				CLANG_CXX_LANGUAGE_STANDARD = "gnu++14";
				CLANG_CXX_LIBRARY = "libc++";
				CLANG_ENABLE_MODULES = YES;
				CLANG_ENABLE_OBJC_ARC = YES;
				CLANG_ENABLE_OBJC_WEAK = YES;
				CLANG_WARN_BLOCK_CAPTURE_AUTORELEASING = YES;
				CLANG_WARN_BOOL_CONVERSION = YES;
				CLANG_WARN_COMMA = YES;
				CLANG_WARN_CONSTANT_CONVERSION = YES;
				CLANG_WARN_DEPRECATED_OBJC_IMPLEMENTATIONS = YES;
				CLANG_WARN_DIRECT_OBJC_ISA_USAGE = YES_ERROR;
				CLANG_WARN_DOCUMENTATION_COMMENTS = YES;
				CLANG_WARN_EMPTY_BODY = YES;
				CLANG_WARN_ENUM_CONVERSION = YES;
				CLANG_WARN_INFINITE_RECURSION = YES;
				CLANG_WARN_INT_CONVERSION = YES;
				CLANG_WARN_NON_LITERAL_NULL_CONVERSION = YES;
				CLANG_WARN_OBJC_IMPLICIT_RETAIN_SELF = YES;
				CLANG_WARN_OBJC_LITERAL_CONVERSION = YES;
				CLANG_WARN_OBJC_ROOT_CLASS = YES_ERROR;
				CLANG_WARN_RANGE_LOOP_ANALYSIS = YES;
				CLANG_WARN_STRICT_PROTOTYPES = YES;
				CLANG_WARN_SUSPICIOUS_MOVE = YES;
				CLANG_WARN_UNGUARDED_AVAILABILITY = YES_AGGRESSIVE;
				CLANG_WARN_UNREACHABLE_CODE = YES;
				CLANG_WARN__DUPLICATE_METHOD_MATCH = YES;
				COPY_PHASE_STRIP = NO;
				DEBUG_INFORMATION_FORMAT = "dwarf-with-dsym";
				ENABLE_NS_ASSERTIONS = NO;
				ENABLE_STRICT_OBJC_MSGSEND = YES;
				GCC_C_LANGUAGE_STANDARD = gnu11;
				GCC_NO_COMMON_BLOCKS = YES;
				GCC_WARN_64_TO_32_BIT_CONVERSION = YES;
				GCC_WARN_ABOUT_RETURN_TYPE = YES_ERROR;
				GCC_WARN_UNDECLARED_SELECTOR = YES;
				GCC_WARN_UNINITIALIZED_AUTOS = YES_AGGRESSIVE;
				GCC_WARN_UNUSED_FUNCTION = YES;
				GCC_WARN_UNUSED_VARIABLE = YES;
				IPHONEOS_DEPLOYMENT_TARGET = 13.2;
				MTL_ENABLE_DEBUG_INFO = NO;
				MTL_FAST_MATH = YES;
				SDKROOT = iphoneos;
				SWIFT_COMPILATION_MODE = wholemodule;
				SWIFT_OPTIMIZATION_LEVEL = "-O";
				VALIDATE_PRODUCT = YES;
			};
			name = Release;
		};
		ACCB18EE23F19408000C9132 /* Debug */ = {
			isa = XCBuildConfiguration;
			buildSettings = {
				ASSETCATALOG_COMPILER_APPICON_NAME = AppIcon;
				CODE_SIGN_STYLE = Automatic;
				INFOPLIST_FILE = BoundBox/Info.plist;
				LD_RUNPATH_SEARCH_PATHS = (
					"$(inherited)",
					"@executable_path/Frameworks",
				);
				PRODUCT_BUNDLE_IDENTIFIER = com.minssam.BoundBox;
				PRODUCT_NAME = "$(TARGET_NAME)";
				SWIFT_VERSION = 5.0;
				TARGETED_DEVICE_FAMILY = "1,2";
			};
			name = Debug;
		};
		ACCB18EF23F19408000C9132 /* Release */ = {
			isa = XCBuildConfiguration;
			buildSettings = {
				ASSETCATALOG_COMPILER_APPICON_NAME = AppIcon;
				CODE_SIGN_STYLE = Automatic;
				INFOPLIST_FILE = BoundBox/Info.plist;
				LD_RUNPATH_SEARCH_PATHS = (
					"$(inherited)",
					"@executable_path/Frameworks",
				);
				PRODUCT_BUNDLE_IDENTIFIER = com.minssam.BoundBox;
				PRODUCT_NAME = "$(TARGET_NAME)";
				SWIFT_VERSION = 5.0;
				TARGETED_DEVICE_FAMILY = "1,2";
			};
			name = Release;
		};
/* End XCBuildConfiguration section */

/* Begin XCConfigurationList section */
		ACCB18D423F19407000C9132 /* Build configuration list for PBXProject "BoundBox" */ = {
			isa = XCConfigurationList;
			buildConfigurations = (
				ACCB18EB23F19408000C9132 /* Debug */,
				ACCB18EC23F19408000C9132 /* Release */,
			);
			defaultConfigurationIsVisible = 0;
			defaultConfigurationName = Release;
		};
		ACCB18ED23F19408000C9132 /* Build configuration list for PBXNativeTarget "BoundBox" */ = {
			isa = XCConfigurationList;
			buildConfigurations = (
				ACCB18EE23F19408000C9132 /* Debug */,
				ACCB18EF23F19408000C9132 /* Release */,
			);
			defaultConfigurationIsVisible = 0;
			defaultConfigurationName = Release;
		};
/* End XCConfigurationList section */
	};
	rootObject = ACCB18D123F19407000C9132 /* Project object */;
}
